
Microsoft Visual Studio Solution File, Format Version 12.00
# Visual Studio 14
VisualStudioVersion = 14.0.25123.0
MinimumVisualStudioVersion = 10.0.40219.1
Project("{2150E333-8FDC-42A3-9474-1A3956D46DE8}") = "src", "src", "{5B6DBAE2-3072-4BBD-8D32-4B7019C98E7C}"
EndProject
Project("{2150E333-8FDC-42A3-9474-1A3956D46DE8}") = "Solution Items", "Solution Items", "{240F0A4C-A8F2-4304-BF10-878F871321F5}"
	ProjectSection(SolutionItems) = preProject
		global.json = global.json
	EndProjectSection
EndProject
Project("{8BB2217D-0F2D-49D1-97BC-3654ED321F3B}") = "aspfive", "src\aspfive\aspfive.xproj", "{6151A14F-F051-494D-9BD5-10144792493F}"
EndProject
Global
	GlobalSection(SolutionConfigurationPlatforms) = preSolution
		Debug|Any CPU = Debug|Any CPU
		Release|Any CPU = Release|Any CPU
	EndGlobalSection
	GlobalSection(ProjectConfigurationPlatforms) = postSolution
		{6151A14F-F051-494D-9BD5-10144792493F}.Debug|Any CPU.ActiveCfg = Debug|Any CPU
		{6151A14F-F051-494D-9BD5-10144792493F}.Debug|Any CPU.Build.0 = Debug|Any CPU
		{6151A14F-F051-494D-9BD5-10144792493F}.Release|Any CPU.ActiveCfg = Release|Any CPU
		{6151A14F-F051-494D-9BD5-10144792493F}.Release|Any CPU.Build.0 = Release|Any CPU
	EndGlobalSection
	GlobalSection(SolutionProperties) = preSolution
		HideSolutionNode = FALSE
	EndGlobalSection
	GlobalSection(NestedProjects) = preSolution
		{6151A14F-F051-494D-9BD5-10144792493F} = {5B6DBAE2-3072-4BBD-8D32-4B7019C98E7C}
	EndGlobalSection
EndGlobal
